{
  "name": "backend-19",
  "version": "1.0.0",
  "lockfileVersion": 3,
  "requires": true,
  "packages": {
    "": {
      "name": "backend-19",
      "version": "1.0.0",
      "license": "ISC",
      "dependencies": {
        "cal-backend-19": "^1.0.0"
      }
    },
    "node_modules/cal-backend-19": {
      "version": "1.0.0",
      "resolved": "https://registry.npmjs.org/cal-backend-19/-/cal-backend-19-1.0.0.tgz",
      "integrity": "sha512-ZHCpKJAvU6xBXV+vxxmo4T04zZbUGTr/zXWb9ABK/KjIOaMeTxLWSU+ByPp/yQ9zjSGifRf7ChXkHWttCMKqSA==",
      "license": "ISC"
    }
  }
}
